
Microsoft Visual Studio Solution File, Format Version 12.00
# Visual Studio Version 17
VisualStudioVersion = 17.9.34728.123
MinimumVisualStudioVersion = 10.0.40219.1
Project("{FAE04EC0-301F-11D3-BF4B-00C04F79EFBC}") = "IMX.ATS.ATE", "01-Execute\IMX.ATS.ATE\IMX.ATS.ATE.csproj", "{C6463E8E-00E8-4650-BAA4-BBDDB440B5B4}"
EndProject
Project("{2150E333-8FDC-42A3-9474-1A3956D46DE8}") = "01-Execute", "01-Execute", "{7BAF746D-B06F-4E6D-9DDD-C63A716DC6FF}"
EndProject
Project("{FAE04EC0-301F-11D3-BF4B-00C04F79EFBC}") = "IMX.ATS.ATEConfig", "01-Execute\IMX.ATS.ATEConfig\IMX.ATS.ATEConfig.csproj", "{B527DE7F-6FFE-42D8-9691-6871A1ED8A86}"
EndProject
Project("{FAE04EC0-301F-11D3-BF4B-00C04F79EFBC}") = "IMX.ATS.DIOS", "01-Execute\IMX.ATS.DIOS\IMX.ATS.DIOS.csproj", "{2AF486F1-F157-4091-8E8B-D0A4987541DA}"
EndProject
Project("{FAE04EC0-301F-11D3-BF4B-00C04F79EFBC}") = "IMX.ATS.Lander", "01-Execute\IMX.ATS.Lander\IMX.ATS.Lander.csproj", "{34662EEB-B3FE-4239-A0EA-4BE5C052E197}"
EndProject
Project("{2150E333-8FDC-42A3-9474-1A3956D46DE8}") = "02-DataBase", "02-DataBase", "{9A787248-BC03-473D-B03B-5645D9F5DB1A}"
EndProject
Project("{FAE04EC0-301F-11D3-BF4B-00C04F79EFBC}") = "IMX.DB", "02-DataBase\IMX.ATS.ATE.DB\IMX.DB.csproj", "{9AE13287-0976-4264-8210-0DC86E77FDE9}"
EndProject
Global
	GlobalSection(SolutionConfigurationPlatforms) = preSolution
		Debug|Any CPU = Debug|Any CPU
		Debug|x64 = Debug|x64
		Release|Any CPU = Release|Any CPU
		Release|x64 = Release|x64
	EndGlobalSection
	GlobalSection(ProjectConfigurationPlatforms) = postSolution
		{C6463E8E-00E8-4650-BAA4-BBDDB440B5B4}.Debug|Any CPU.ActiveCfg = Debug|Any CPU
		{C6463E8E-00E8-4650-BAA4-BBDDB440B5B4}.Debug|Any CPU.Build.0 = Debug|Any CPU
		{C6463E8E-00E8-4650-BAA4-BBDDB440B5B4}.Debug|x64.ActiveCfg = Debug|x64
		{C6463E8E-00E8-4650-BAA4-BBDDB440B5B4}.Debug|x64.Build.0 = Debug|x64
		{C6463E8E-00E8-4650-BAA4-BBDDB440B5B4}.Release|Any CPU.ActiveCfg = Release|Any CPU
		{C6463E8E-00E8-4650-BAA4-BBDDB440B5B4}.Release|Any CPU.Build.0 = Release|Any CPU
		{C6463E8E-00E8-4650-BAA4-BBDDB440B5B4}.Release|x64.ActiveCfg = Release|x64
		{C6463E8E-00E8-4650-BAA4-BBDDB440B5B4}.Release|x64.Build.0 = Release|x64
		{B527DE7F-6FFE-42D8-9691-6871A1ED8A86}.Debug|Any CPU.ActiveCfg = Debug|Any CPU
		{B527DE7F-6FFE-42D8-9691-6871A1ED8A86}.Debug|Any CPU.Build.0 = Debug|Any CPU
		{B527DE7F-6FFE-42D8-9691-6871A1ED8A86}.Debug|x64.ActiveCfg = Debug|x64
		{B527DE7F-6FFE-42D8-9691-6871A1ED8A86}.Debug|x64.Build.0 = Debug|x64
		{B527DE7F-6FFE-42D8-9691-6871A1ED8A86}.Release|Any CPU.ActiveCfg = Release|Any CPU
		{B527DE7F-6FFE-42D8-9691-6871A1ED8A86}.Release|Any CPU.Build.0 = Release|Any CPU
		{B527DE7F-6FFE-42D8-9691-6871A1ED8A86}.Release|x64.ActiveCfg = Release|x64
		{B527DE7F-6FFE-42D8-9691-6871A1ED8A86}.Release|x64.Build.0 = Release|x64
		{2AF486F1-F157-4091-8E8B-D0A4987541DA}.Debug|Any CPU.ActiveCfg = Debug|Any CPU
		{2AF486F1-F157-4091-8E8B-D0A4987541DA}.Debug|Any CPU.Build.0 = Debug|Any CPU
		{2AF486F1-F157-4091-8E8B-D0A4987541DA}.Debug|x64.ActiveCfg = Debug|x64
		{2AF486F1-F157-4091-8E8B-D0A4987541DA}.Debug|x64.Build.0 = Debug|x64
		{2AF486F1-F157-4091-8E8B-D0A4987541DA}.Release|Any CPU.ActiveCfg = Release|Any CPU
		{2AF486F1-F157-4091-8E8B-D0A4987541DA}.Release|Any CPU.Build.0 = Release|Any CPU
		{2AF486F1-F157-4091-8E8B-D0A4987541DA}.Release|x64.ActiveCfg = Release|x64
		{2AF486F1-F157-4091-8E8B-D0A4987541DA}.Release|x64.Build.0 = Release|x64
		{34662EEB-B3FE-4239-A0EA-4BE5C052E197}.Debug|Any CPU.ActiveCfg = Debug|Any CPU
		{34662EEB-B3FE-4239-A0EA-4BE5C052E197}.Debug|Any CPU.Build.0 = Debug|Any CPU
		{34662EEB-B3FE-4239-A0EA-4BE5C052E197}.Debug|x64.ActiveCfg = Debug|x64
		{34662EEB-B3FE-4239-A0EA-4BE5C052E197}.Debug|x64.Build.0 = Debug|x64
		{34662EEB-B3FE-4239-A0EA-4BE5C052E197}.Release|Any CPU.ActiveCfg = Release|Any CPU
		{34662EEB-B3FE-4239-A0EA-4BE5C052E197}.Release|Any CPU.Build.0 = Release|Any CPU
		{34662EEB-B3FE-4239-A0EA-4BE5C052E197}.Release|x64.ActiveCfg = Release|x64
		{34662EEB-B3FE-4239-A0EA-4BE5C052E197}.Release|x64.Build.0 = Release|x64
		{9AE13287-0976-4264-8210-0DC86E77FDE9}.Debug|Any CPU.ActiveCfg = Debug|Any CPU
		{9AE13287-0976-4264-8210-0DC86E77FDE9}.Debug|Any CPU.Build.0 = Debug|Any CPU
		{9AE13287-0976-4264-8210-0DC86E77FDE9}.Debug|x64.ActiveCfg = Debug|x64
		{9AE13287-0976-4264-8210-0DC86E77FDE9}.Debug|x64.Build.0 = Debug|x64
		{9AE13287-0976-4264-8210-0DC86E77FDE9}.Release|Any CPU.ActiveCfg = Release|Any CPU
		{9AE13287-0976-4264-8210-0DC86E77FDE9}.Release|Any CPU.Build.0 = Release|Any CPU
		{9AE13287-0976-4264-8210-0DC86E77FDE9}.Release|x64.ActiveCfg = Release|Any CPU
		{9AE13287-0976-4264-8210-0DC86E77FDE9}.Release|x64.Build.0 = Release|Any CPU
	EndGlobalSection
	GlobalSection(SolutionProperties) = preSolution
		HideSolutionNode = FALSE
	EndGlobalSection
	GlobalSection(NestedProjects) = preSolution
		{C6463E8E-00E8-4650-BAA4-BBDDB440B5B4} = {7BAF746D-B06F-4E6D-9DDD-C63A716DC6FF}
		{B527DE7F-6FFE-42D8-9691-6871A1ED8A86} = {7BAF746D-B06F-4E6D-9DDD-C63A716DC6FF}
		{2AF486F1-F157-4091-8E8B-D0A4987541DA} = {7BAF746D-B06F-4E6D-9DDD-C63A716DC6FF}
		{34662EEB-B3FE-4239-A0EA-4BE5C052E197} = {7BAF746D-B06F-4E6D-9DDD-C63A716DC6FF}
		{9AE13287-0976-4264-8210-0DC86E77FDE9} = {9A787248-BC03-473D-B03B-5645D9F5DB1A}
	EndGlobalSection
	GlobalSection(ExtensibilityGlobals) = postSolution
		SolutionGuid = {50759023-307B-4E23-B837-F472866C7988}
	EndGlobalSection
EndGlobal
